{
  "version": 4,
  "terraform_version": "1.7.5",
  "serial": 4,
  "lineage": "0c75693a-3a5d-a8ee-96cc-1bc9fa2a2de8",
  "outputs": {},
  "resources": [
    {
      "mode": "managed",
      "type": "airbyte_connection",
      "name": "faker_to_bigquery",
      "provider": "provider[\"registry.terraform.io/airbytehq/airbyte\"]",
      "instances": [
        {
          "schema_version": 0,
          "attributes": {
            "configurations": {
              "streams": [
                {
                  "cursor_field": null,
                  "name": "users",
                  "primary_key": null,
                  "sync_mode": null
                },
                {
                  "cursor_field": null,
                  "name": "products",
                  "primary_key": null,
                  "sync_mode": null
                },
                {
                  "cursor_field": null,
                  "name": "purchases",
                  "primary_key": null,
                  "sync_mode": null
                }
              ]
            },
            "connection_id": "5b2c27e0-eb73-4929-8c6a-465aa2babf86",
            "data_residency": "auto",
            "destination_id": "3279f691-d1f9-4b08-8fa4-7e206fdb1c14",
            "name": "Faker to BigQuery",
            "namespace_definition": "destination",
            "namespace_format": null,
            "non_breaking_schema_updates_behavior": "ignore",
            "prefix": null,
            "schedule": {
              "basic_timing": null,
              "cron_expression": null,
              "schedule_type": "manual"
            },
            "source_id": "b39a4e40-8043-4082-b86b-59ad5594299d",
            "status": "active",
            "workspace_id": "649f60e6-d9d4-4bcf-9965-76f03298a9c1"
          },
          "sensitive_attributes": [],
          "dependencies": [
            "airbyte_destination_bigquery.my_destination_bigquery",
            "airbyte_source_faker.faker"
          ]
        }
      ]
    },
    {
      "mode": "managed",
      "type": "airbyte_destination_bigquery",
      "name": "my_destination_bigquery",
      "provider": "provider[\"registry.terraform.io/airbytehq/airbyte\"]",
      "instances": [
        {
          "schema_version": 0,
          "attributes": {
            "configuration": {
              "big_query_client_buffer_size_mb": 15,
              "credentials_json": "/home/miros/Credentials/data-ops-airbyte-bq-service-acc-key.json",
              "dataset_id": "raw_data",
              "dataset_location": "EU",
              "disable_type_dedupe": false,
              "loading_method": {
                "gcs_staging": {
                  "credential": {
                    "hmac_key": {
                      "hmac_key_access_id": "GOOG1ET7IPRCFTNFQ6MIEINAVTUNSAJZ3TZUTJIXMCYJ55LBRA5MKBVIE23CH",
                      "hmac_key_secret": "tEdMweJCsrTj1sPaxz/jX0WwMahVQi0M8tEplgYi"
                    }
                  },
                  "gcs_bucket_name": "data-ops-bucket-faker",
                  "gcs_bucket_path": "data-ops-bucket-faker/faker-ecommerce",
                  "keep_files_in_gcs_bucket": "Delete all tmp files from GCS"
                },
                "standard_inserts": null
              },
              "project_id": "data-ops-418817",
              "raw_data_dataset": null,
              "transformation_priority": "batch"
            },
            "definition_id": null,
            "destination_id": "3279f691-d1f9-4b08-8fa4-7e206fdb1c14",
            "destination_type": "bigquery",
            "name": "Destination BigQuery",
            "workspace_id": "649f60e6-d9d4-4bcf-9965-76f03298a9c1"
          },
          "sensitive_attributes": []
        }
      ]
    },
    {
      "mode": "managed",
      "type": "airbyte_source_faker",
      "name": "faker",
      "provider": "provider[\"registry.terraform.io/airbytehq/airbyte\"]",
      "instances": [
        {
          "schema_version": 0,
          "attributes": {
            "configuration": {
              "always_updated": false,
              "count": 1000,
              "parallelism": 9,
              "records_per_slice": 10,
              "seed": 6
            },
            "definition_id": null,
            "name": "Faker",
            "secret_id": null,
            "source_id": "b39a4e40-8043-4082-b86b-59ad5594299d",
            "source_type": "faker",
            "workspace_id": "649f60e6-d9d4-4bcf-9965-76f03298a9c1"
          },
          "sensitive_attributes": []
        }
      ]
    }
  ],
  "check_results": null
}
